
Microsoft Visual Studio Solution File, Format Version 12.00
# Visual Studio Version 17
VisualStudioVersion = 17.2.32616.157
MinimumVisualStudioVersion = 10.0.40219.1
Project("{2150E333-8FDC-42A3-9474-1A3956D46DE8}") = "source", "source", "{02EA681E-C7D8-13C7-8484-4AC65E1B71E8}"
EndProject
Project("{FAE04EC0-301F-11D3-BF4B-00C04F79EFBC}") = "TechieBlog", "source\TechieBlog\TechieBlog.csproj", "{7010C51E-CC26-BAEF-C213-4549551A4E81}"
EndProject
Project("{FAE04EC0-301F-11D3-BF4B-00C04F79EFBC}") = "BlogDb", "source\BlogDb\BlogDb.csproj", "{3B4FBCED-1009-E72E-B29A-EAEA1C53AF9C}"
EndProject
Project("{FAE04EC0-301F-11D3-BF4B-00C04F79EFBC}") = "BlogEngine", "source\BlogEngine\BlogEngine.csproj", "{ADD8BDFD-BBD9-D7B0-1CF2-6BF2EDA468FD}"
EndProject
Project("{FAE04EC0-301F-11D3-BF4B-00C04F79EFBC}") = "BlogModels", "source\BlogModel\BlogModels.csproj", "{55131EF6-79B2-D912-B2A2-491A0ED42C2B}"
EndProject
Project("{FAE04EC0-301F-11D3-BF4B-00C04F79EFBC}") = "BlogSvc", "source\BlogSvc\BlogSvc.csproj", "{B16B8EA7-3E54-CBE7-C129-51237CD10540}"
EndProject
Project("{FAE04EC0-301F-11D3-BF4B-00C04F79EFBC}") = "BlogUI", "source\BlogUI\BlogUI.csproj", "{97A50B3C-E868-1B1E-B571-D077641CA5DE}"
EndProject
Project("{2150E333-8FDC-42A3-9474-1A3956D46DE8}") = "docs", "docs", "{AAF67924-E8C3-441E-B758-35F3A81B1F79}"
EndProject
Global
	GlobalSection(SolutionConfigurationPlatforms) = preSolution
		Debug|Any CPU = Debug|Any CPU
		Release|Any CPU = Release|Any CPU
	EndGlobalSection
	GlobalSection(ProjectConfigurationPlatforms) = postSolution
		{7010C51E-CC26-BAEF-C213-4549551A4E81}.Debug|Any CPU.ActiveCfg = Debug|Any CPU
		{7010C51E-CC26-BAEF-C213-4549551A4E81}.Debug|Any CPU.Build.0 = Debug|Any CPU
		{7010C51E-CC26-BAEF-C213-4549551A4E81}.Release|Any CPU.ActiveCfg = Release|Any CPU
		{7010C51E-CC26-BAEF-C213-4549551A4E81}.Release|Any CPU.Build.0 = Release|Any CPU
		{3B4FBCED-1009-E72E-B29A-EAEA1C53AF9C}.Debug|Any CPU.ActiveCfg = Debug|Any CPU
		{3B4FBCED-1009-E72E-B29A-EAEA1C53AF9C}.Debug|Any CPU.Build.0 = Debug|Any CPU
		{3B4FBCED-1009-E72E-B29A-EAEA1C53AF9C}.Release|Any CPU.ActiveCfg = Release|Any CPU
		{3B4FBCED-1009-E72E-B29A-EAEA1C53AF9C}.Release|Any CPU.Build.0 = Release|Any CPU
		{ADD8BDFD-BBD9-D7B0-1CF2-6BF2EDA468FD}.Debug|Any CPU.ActiveCfg = Debug|Any CPU
		{ADD8BDFD-BBD9-D7B0-1CF2-6BF2EDA468FD}.Debug|Any CPU.Build.0 = Debug|Any CPU
		{ADD8BDFD-BBD9-D7B0-1CF2-6BF2EDA468FD}.Release|Any CPU.ActiveCfg = Release|Any CPU
		{ADD8BDFD-BBD9-D7B0-1CF2-6BF2EDA468FD}.Release|Any CPU.Build.0 = Release|Any CPU
		{55131EF6-79B2-D912-B2A2-491A0ED42C2B}.Debug|Any CPU.ActiveCfg = Debug|Any CPU
		{55131EF6-79B2-D912-B2A2-491A0ED42C2B}.Debug|Any CPU.Build.0 = Debug|Any CPU
		{55131EF6-79B2-D912-B2A2-491A0ED42C2B}.Release|Any CPU.ActiveCfg = Release|Any CPU
		{55131EF6-79B2-D912-B2A2-491A0ED42C2B}.Release|Any CPU.Build.0 = Release|Any CPU
		{B16B8EA7-3E54-CBE7-C129-51237CD10540}.Debug|Any CPU.ActiveCfg = Debug|Any CPU
		{B16B8EA7-3E54-CBE7-C129-51237CD10540}.Debug|Any CPU.Build.0 = Debug|Any CPU
		{B16B8EA7-3E54-CBE7-C129-51237CD10540}.Release|Any CPU.ActiveCfg = Release|Any CPU
		{B16B8EA7-3E54-CBE7-C129-51237CD10540}.Release|Any CPU.Build.0 = Release|Any CPU
		{97A50B3C-E868-1B1E-B571-D077641CA5DE}.Debug|Any CPU.ActiveCfg = Debug|Any CPU
		{97A50B3C-E868-1B1E-B571-D077641CA5DE}.Debug|Any CPU.Build.0 = Debug|Any CPU
		{97A50B3C-E868-1B1E-B571-D077641CA5DE}.Release|Any CPU.ActiveCfg = Release|Any CPU
		{97A50B3C-E868-1B1E-B571-D077641CA5DE}.Release|Any CPU.Build.0 = Release|Any CPU
	EndGlobalSection
	GlobalSection(SolutionProperties) = preSolution
		HideSolutionNode = FALSE
	EndGlobalSection
	GlobalSection(NestedProjects) = preSolution
		{7010C51E-CC26-BAEF-C213-4549551A4E81} = {02EA681E-C7D8-13C7-8484-4AC65E1B71E8}
		{3B4FBCED-1009-E72E-B29A-EAEA1C53AF9C} = {02EA681E-C7D8-13C7-8484-4AC65E1B71E8}
		{ADD8BDFD-BBD9-D7B0-1CF2-6BF2EDA468FD} = {02EA681E-C7D8-13C7-8484-4AC65E1B71E8}
		{55131EF6-79B2-D912-B2A2-491A0ED42C2B} = {02EA681E-C7D8-13C7-8484-4AC65E1B71E8}
		{B16B8EA7-3E54-CBE7-C129-51237CD10540} = {02EA681E-C7D8-13C7-8484-4AC65E1B71E8}
		{97A50B3C-E868-1B1E-B571-D077641CA5DE} = {02EA681E-C7D8-13C7-8484-4AC65E1B71E8}
	EndGlobalSection
	GlobalSection(ExtensibilityGlobals) = postSolution
		SolutionGuid = {25C5EBBA-22C9-4388-81CE-C1D929ADBCC4}
	EndGlobalSection
EndGlobal
